
Microsoft Visual Studio Solution File, Format Version 12.00
# Visual Studio Version 16
VisualStudioVersion = 16.0.30413.136
MinimumVisualStudioVersion = 10.0.40219.1
Project("{2150E333-8FDC-42A3-9474-1A3956D46DE8}") = "10.Presentacion", "10.Presentacion", "{4C7579CC-7475-4FF1-BBF4-88972D457707}"
EndProject
Project("{FAE04EC0-301F-11D3-BF4B-00C04F79EFBC}") = "MVC", "MVC\MVC.csproj", "{DB66DDE0-E385-4276-AAFF-0CE455603CF2}"
EndProject
Global
	GlobalSection(SolutionConfigurationPlatforms) = preSolution
		Debug|Any CPU = Debug|Any CPU
		Release|Any CPU = Release|Any CPU
	EndGlobalSection
	GlobalSection(ProjectConfigurationPlatforms) = postSolution
		{DB66DDE0-E385-4276-AAFF-0CE455603CF2}.Debug|Any CPU.ActiveCfg = Debug|Any CPU
		{DB66DDE0-E385-4276-AAFF-0CE455603CF2}.Debug|Any CPU.Build.0 = Debug|Any CPU
		{DB66DDE0-E385-4276-AAFF-0CE455603CF2}.Release|Any CPU.ActiveCfg = Release|Any CPU
		{DB66DDE0-E385-4276-AAFF-0CE455603CF2}.Release|Any CPU.Build.0 = Release|Any CPU
	EndGlobalSection
	GlobalSection(SolutionProperties) = preSolution
		HideSolutionNode = FALSE
	EndGlobalSection
	GlobalSection(NestedProjects) = preSolution
		{DB66DDE0-E385-4276-AAFF-0CE455603CF2} = {4C7579CC-7475-4FF1-BBF4-88972D457707}
	EndGlobalSection
	GlobalSection(ExtensibilityGlobals) = postSolution
		SolutionGuid = {8A3E49D4-B193-4773-A8DF-75C9765109D4}
	EndGlobalSection
EndGlobal
